
Microsoft Visual Studio Solution File, Format Version 12.00
# Visual Studio Version 17
VisualStudioVersion = 17.4.33403.182
MinimumVisualStudioVersion = 10.0.40219.1
Project("{FAE04EC0-301F-11D3-BF4B-00C04F79EFBC}") = "P.09 MVC", "P.09 MVC\P.09 MVC.csproj", "{5F333BEC-403B-4D3F-8309-4933297C0FEE}"
EndProject
Global
	GlobalSection(SolutionConfigurationPlatforms) = preSolution
		Debug|Any CPU = Debug|Any CPU
		Release|Any CPU = Release|Any CPU
	EndGlobalSection
	GlobalSection(ProjectConfigurationPlatforms) = postSolution
		{5F333BEC-403B-4D3F-8309-4933297C0FEE}.Debug|Any CPU.ActiveCfg = Debug|Any CPU
		{5F333BEC-403B-4D3F-8309-4933297C0FEE}.Debug|Any CPU.Build.0 = Debug|Any CPU
		{5F333BEC-403B-4D3F-8309-4933297C0FEE}.Release|Any CPU.ActiveCfg = Release|Any CPU
		{5F333BEC-403B-4D3F-8309-4933297C0FEE}.Release|Any CPU.Build.0 = Release|Any CPU
	EndGlobalSection
	GlobalSection(SolutionProperties) = preSolution
		HideSolutionNode = FALSE
	EndGlobalSection
	GlobalSection(ExtensibilityGlobals) = postSolution
		SolutionGuid = {8CFAB4DF-0BB5-4D7B-9B94-FFED5A2341A0}
	EndGlobalSection
EndGlobal
